lockfileVersion: '9.0'

settings:
  autoInstallPeers: true
  excludeLinksFromLockfile: false

importers:

  .:
    dependencies:
      '@hookform/resolvers':
        specifier: ^5.2.2
        version: 5.2.2(react-hook-form@7.68.0(react@19.2.1))
      '@next/bundle-analyzer':
        specifier: ^16.0.7
        version: 16.0.7
      '@t3-oss/env-nextjs':
        specifier: ^0.13.8
        version: 0.13.8(typescript@5.9.3)(zod@4.1.13)
      '@tanstack/react-query-devtools':
        specifier: ^5.91.1
        version: 5.91.1(@tanstack/react-query@5.90.12(react@19.2.1))(react@19.2.1)
      '@tanstack/react-table':
        specifier: ^8.21.3
        version: 8.21.3(react-dom@19.2.1(react@19.2.1))(react@19.2.1)
      axios:
        specifier: ^1.13.2
        version: 1.13.2
      jsonwebtoken:
        specifier: ^9.0.3
        version: 9.0.3
      react-hook-form:
        specifier: ^7.68.0
        version: 7.68.0(react@19.2.1)
      react-toastify:
        specifier: ^11.0.5
        version: 11.0.5(react-dom@19.2.1(react@19.2.1))(react@19.2.1)
    devDependencies:
      '@orpc/client':
        specifier: ^1.12.2
        version: 1.12.2
      '@orpc/json-schema':
        specifier: ^1.12.2
        version: 1.12.2
      '@orpc/openapi':
        specifier: ^1.12.2
        version: 1.12.2
      '@orpc/react':
        specifier: ^1.12.2
        version: 1.12.2(react@19.2.1)
      '@orpc/server':
        specifier: ^1.12.2
        version: 1.12.2
      '@orpc/tanstack-query':
        specifier: ^1.12.2
        version: 1.12.2(@orpc/client@1.12.2)(@tanstack/query-core@5.90.12)
      '@orpc/zod':
        specifier: ^1.12.2
        version: 1.12.2(@orpc/contract@1.12.2)(@orpc/server@1.12.2)(zod@4.1.13)
      '@tanstack/react-query':
        specifier: ^5.90.12
        version: 5.90.12(react@19.2.1)
      '@types/jsonwebtoken':
        specifier: ^9.0.10
        version: 9.0.10
      '@types/node':
        specifier: ^22.15.30
        version: 22.18.6
      '@types/react':
        specifier: ^19.2.7
        version: 19.2.7
      '@types/react-dom':
        specifier: ^19.2.3
        version: 19.2.3(@types/react@19.2.7)
      next:
        specifier: ^16.0.7
        version: 16.0.7(react-dom@19.2.1(react@19.2.1))(react@19.2.1)
      prettier:
        specifier: ^3.7.4
        version: 3.7.4
      react:
        specifier: ^19.2.1
        version: 19.2.1
      react-dom:
        specifier: ^19.2.1
        version: 19.2.1(react@19.2.1)
      server-only:
        specifier: ^0.0.1
        version: 0.0.1
      typescript:
        specifier: ^5.9.3
        version: 5.9.3
      zod:
        specifier: ^4.1.13
        version: 4.1.13

packages:

  '@discoveryjs/json-ext@0.5.7':
    resolution: {integrity: sha512-dBVuXR082gk3jsFp7Rd/JI4kytwGHecnCoTtXFb7DB6CNHp4rg5k1bhg0nWdLGLnOV71lmDzGQaLMy8iPLY0pw==}
    engines: {node: '>=10.0.0'}

  '@emnapi/runtime@1.7.1':
    resolution: {integrity: sha512-PVtJr5CmLwYAU9PZDMITZoR5iAOShYREoR45EyyLrbntV50mdePTgUn4AmOw90Ifcj+x2kRjdzr1HP3RrNiHGA==}

  '@hookform/resolvers@5.2.2':
    resolution: {integrity: sha512-A/IxlMLShx3KjV/HeTcTfaMxdwy690+L/ZADoeaTltLx+CVuzkeVIPuybK3jrRfw7YZnmdKsVVHAlEPIAEUNlA==}
    peerDependencies:
      react-hook-form: ^7.55.0

  '@img/colour@1.0.0':
    resolution: {integrity: sha512-A5P/LfWGFSl6nsckYtjw9da+19jB8hkJ6ACTGcDfEJ0aE+l2n2El7dsVM7UVHZQ9s2lmYMWlrS21YLy2IR1LUw==}
    engines: {node: '>=18'}

  '@img/sharp-darwin-arm64@0.34.5':
    resolution: {integrity: sha512-imtQ3WMJXbMY4fxb/Ndp6HBTNVtWCUI0WdobyheGf5+ad6xX8VIDO8u2xE4qc/fr08CKG/7dDseFtn6M6g/r3w==}
    engines: {node: ^18.17.0 || ^20.3.0 || >=21.0.0}
    cpu: [arm64]
    os: [darwin]

  '@img/sharp-darwin-x64@0.34.5':
    resolution: {integrity: sha512-YNEFAF/4KQ/PeW0N+r+aVVsoIY0/qxxikF2SWdp+NRkmMB7y9LBZAVqQ4yhGCm/H3H270OSykqmQMKLBhBJDEw==}
    engines: {node: ^18.17.0 || ^20.3.0 || >=21.0.0}
    cpu: [x64]
    os: [darwin]

  '@img/sharp-libvips-darwin-arm64@1.2.4':
    resolution: {integrity: sha512-zqjjo7RatFfFoP0MkQ51jfuFZBnVE2pRiaydKJ1G/rHZvnsrHAOcQALIi9sA5co5xenQdTugCvtb1cuf78Vf4g==}
    cpu: [arm64]
    os: [darwin]

  '@img/sharp-libvips-darwin-x64@1.2.4':
    resolution: {integrity: sha512-1IOd5xfVhlGwX+zXv2N93k0yMONvUlANylbJw1eTah8K/Jtpi15KC+WSiaX/nBmbm2HxRM1gZ0nSdjSsrZbGKg==}
    cpu: [x64]
    os: [darwin]

  '@img/sharp-libvips-linux-arm64@1.2.4':
    resolution: {integrity: sha512-excjX8DfsIcJ10x1Kzr4RcWe1edC9PquDRRPx3YVCvQv+U5p7Yin2s32ftzikXojb1PIFc/9Mt28/y+iRklkrw==}
    cpu: [arm64]
    os: [linux]

  '@img/sharp-libvips-linux-arm@1.2.4':
    resolution: {integrity: sha512-bFI7xcKFELdiNCVov8e44Ia4u2byA+l3XtsAj+Q8tfCwO6BQ8iDojYdvoPMqsKDkuoOo+X6HZA0s0q11ANMQ8A==}
    cpu: [arm]
    os: [linux]

  '@img/sharp-libvips-linux-ppc64@1.2.4':
    resolution: {integrity: sha512-FMuvGijLDYG6lW+b/UvyilUWu5Ayu+3r2d1S8notiGCIyYU/76eig1UfMmkZ7vwgOrzKzlQbFSuQfgm7GYUPpA==}
    cpu: [ppc64]
    os: [linux]

  '@img/sharp-libvips-linux-riscv64@1.2.4':
    resolution: {integrity: sha512-oVDbcR4zUC0ce82teubSm+x6ETixtKZBh/qbREIOcI3cULzDyb18Sr/Wcyx7NRQeQzOiHTNbZFF1UwPS2scyGA==}
    cpu: [riscv64]
    os: [linux]

  '@img/sharp-libvips-linux-s390x@1.2.4':
    resolution: {integrity: sha512-qmp9VrzgPgMoGZyPvrQHqk02uyjA0/QrTO26Tqk6l4ZV0MPWIW6LTkqOIov+J1yEu7MbFQaDpwdwJKhbJvuRxQ==}
    cpu: [s390x]
    os: [linux]

  '@img/sharp-libvips-linux-x64@1.2.4':
    resolution: {integrity: sha512-tJxiiLsmHc9Ax1bz3oaOYBURTXGIRDODBqhveVHonrHJ9/+k89qbLl0bcJns+e4t4rvaNBxaEZsFtSfAdquPrw==}
    cpu: [x64]
    os: [linux]

  '@img/sharp-libvips-linuxmusl-arm64@1.2.4':
    resolution: {integrity: sha512-FVQHuwx1IIuNow9QAbYUzJ+En8KcVm9Lk5+uGUQJHaZmMECZmOlix9HnH7n1TRkXMS0pGxIJokIVB9SuqZGGXw==}
    cpu: [arm64]
    os: [linux]

  '@img/sharp-libvips-linuxmusl-x64@1.2.4':
    resolution: {integrity: sha512-+LpyBk7L44ZIXwz/VYfglaX/okxezESc6UxDSoyo2Ks6Jxc4Y7sGjpgU9s4PMgqgjj1gZCylTieNamqA1MF7Dg==}
    cpu: [x64]
    os: [linux]

  '@img/sharp-linux-arm64@0.34.5':
    resolution: {integrity: sha512-bKQzaJRY/bkPOXyKx5EVup7qkaojECG6NLYswgktOZjaXecSAeCWiZwwiFf3/Y+O1HrauiE3FVsGxFg8c24rZg==}
    engines: {node: ^18.17.0 || ^20.3.0 || >=21.0.0}
    cpu: [arm64]
    os: [linux]

  '@img/sharp-linux-arm@0.34.5':
    resolution: {integrity: sha512-9dLqsvwtg1uuXBGZKsxem9595+ujv0sJ6Vi8wcTANSFpwV/GONat5eCkzQo/1O6zRIkh0m/8+5BjrRr7jDUSZw==}
    engines: {node: ^18.17.0 || ^20.3.0 || >=21.0.0}
    cpu: [arm]
    os: [linux]

  '@img/sharp-linux-ppc64@0.34.5':
    resolution: {integrity: sha512-7zznwNaqW6YtsfrGGDA6BRkISKAAE1Jo0QdpNYXNMHu2+0dTrPflTLNkpc8l7MUP5M16ZJcUvysVWWrMefZquA==}
    engines: {node: ^18.17.0 || ^20.3.0 || >=21.0.0}
    cpu: [ppc64]
    os: [linux]

  '@img/sharp-linux-riscv64@0.34.5':
    resolution: {integrity: sha512-51gJuLPTKa7piYPaVs8GmByo7/U7/7TZOq+cnXJIHZKavIRHAP77e3N2HEl3dgiqdD/w0yUfiJnII77PuDDFdw==}
    engines: {node: ^18.17.0 || ^20.3.0 || >=21.0.0}
    cpu: [riscv64]
    os: [linux]

  '@img/sharp-linux-s390x@0.34.5':
    resolution: {integrity: sha512-nQtCk0PdKfho3eC5MrbQoigJ2gd1CgddUMkabUj+rBevs8tZ2cULOx46E7oyX+04WGfABgIwmMC0VqieTiR4jg==}
    engines: {node: ^18.17.0 || ^20.3.0 || >=21.0.0}
    cpu: [s390x]
    os: [linux]

  '@img/sharp-linux-x64@0.34.5':
    resolution: {integrity: sha512-MEzd8HPKxVxVenwAa+JRPwEC7QFjoPWuS5NZnBt6B3pu7EG2Ge0id1oLHZpPJdn3OQK+BQDiw9zStiHBTJQQQQ==}
    engines: {node: ^18.17.0 || ^20.3.0 || >=21.0.0}
    cpu: [x64]
    os: [linux]

  '@img/sharp-linuxmusl-arm64@0.34.5':
    resolution: {integrity: sha512-fprJR6GtRsMt6Kyfq44IsChVZeGN97gTD331weR1ex1c1rypDEABN6Tm2xa1wE6lYb5DdEnk03NZPqA7Id21yg==}
    engines: {node: ^18.17.0 || ^20.3.0 || >=21.0.0}
    cpu: [arm64]
    os: [linux]

  '@img/sharp-linuxmusl-x64@0.34.5':
    resolution: {integrity: sha512-Jg8wNT1MUzIvhBFxViqrEhWDGzqymo3sV7z7ZsaWbZNDLXRJZoRGrjulp60YYtV4wfY8VIKcWidjojlLcWrd8Q==}
    engines: {node: ^18.17.0 || ^20.3.0 || >=21.0.0}
    cpu: [x64]
    os: [linux]

  '@img/sharp-wasm32@0.34.5':
    resolution: {integrity: sha512-OdWTEiVkY2PHwqkbBI8frFxQQFekHaSSkUIJkwzclWZe64O1X4UlUjqqqLaPbUpMOQk6FBu/HtlGXNblIs0huw==}
    engines: {node: ^18.17.0 || ^20.3.0 || >=21.0.0}
    cpu: [wasm32]

  '@img/sharp-win32-arm64@0.34.5':
    resolution: {integrity: sha512-WQ3AgWCWYSb2yt+IG8mnC6Jdk9Whs7O0gxphblsLvdhSpSTtmu69ZG1Gkb6NuvxsNACwiPV6cNSZNzt0KPsw7g==}
    engines: {node: ^18.17.0 || ^20.3.0 || >=21.0.0}
    cpu: [arm64]
    os: [win32]

  '@img/sharp-win32-ia32@0.34.5':
    resolution: {integrity: sha512-FV9m/7NmeCmSHDD5j4+4pNI8Cp3aW+JvLoXcTUo0IqyjSfAZJ8dIUmijx1qaJsIiU+Hosw6xM5KijAWRJCSgNg==}
    engines: {node: ^18.17.0 || ^20.3.0 || >=21.0.0}
    cpu: [ia32]
    os: [win32]

  '@img/sharp-win32-x64@0.34.5':
    resolution: {integrity: sha512-+29YMsqY2/9eFEiW93eqWnuLcWcufowXewwSNIT6UwZdUUCrM3oFjMWH/Z6/TMmb4hlFenmfAVbpWeup2jryCw==}
    engines: {node: ^18.17.0 || ^20.3.0 || >=21.0.0}
    cpu: [x64]
    os: [win32]

  '@next/bundle-analyzer@16.0.7':
    resolution: {integrity: sha512-Um2YA3TSQND+DpqlMDuPZsdjdpcgLzo1wF3zx4zcBCLecS7ucP7O9YFqvHhg000HXTgt++KIjZ9FUwyJSKk1Kw==}

  '@next/env@16.0.7':
    resolution: {integrity: sha512-gpaNgUh5nftFKRkRQGnVi5dpcYSKGcZZkQffZ172OrG/XkrnS7UBTQ648YY+8ME92cC4IojpI2LqTC8sTDhAaw==}

  '@next/swc-darwin-arm64@16.0.7':
    resolution: {integrity: sha512-LlDtCYOEj/rfSnEn/Idi+j1QKHxY9BJFmxx7108A6D8K0SB+bNgfYQATPk/4LqOl4C0Wo3LACg2ie6s7xqMpJg==}
    engines: {node: '>= 10'}
    cpu: [arm64]
    os: [darwin]

  '@next/swc-darwin-x64@16.0.7':
    resolution: {integrity: sha512-rtZ7BhnVvO1ICf3QzfW9H3aPz7GhBrnSIMZyr4Qy6boXF0b5E3QLs+cvJmg3PsTCG2M1PBoC+DANUi4wCOKXpA==}
    engines: {node: '>= 10'}
    cpu: [x64]
    os: [darwin]

  '@next/swc-linux-arm64-gnu@16.0.7':
    resolution: {integrity: sha512-mloD5WcPIeIeeZqAIP5c2kdaTa6StwP4/2EGy1mUw8HiexSHGK/jcM7lFuS3u3i2zn+xH9+wXJs6njO7VrAqww==}
    engines: {node: '>= 10'}
    cpu: [arm64]
    os: [linux]

  '@next/swc-linux-arm64-musl@16.0.7':
    resolution: {integrity: sha512-+ksWNrZrthisXuo9gd1XnjHRowCbMtl/YgMpbRvFeDEqEBd523YHPWpBuDjomod88U8Xliw5DHhekBC3EOOd9g==}
    engines: {node: '>= 10'}
    cpu: [arm64]
    os: [linux]

  '@next/swc-linux-x64-gnu@16.0.7':
    resolution: {integrity: sha512-4WtJU5cRDxpEE44Ana2Xro1284hnyVpBb62lIpU5k85D8xXxatT+rXxBgPkc7C1XwkZMWpK5rXLXTh9PFipWsA==}
    engines: {node: '>= 10'}
    cpu: [x64]
    os: [linux]

  '@next/swc-linux-x64-musl@16.0.7':
    resolution: {integrity: sha512-HYlhqIP6kBPXalW2dbMTSuB4+8fe+j9juyxwfMwCe9kQPPeiyFn7NMjNfoFOfJ2eXkeQsoUGXg+O2SE3m4Qg2w==}
    engines: {node: '>= 10'}
    cpu: [x64]
    os: [linux]

  '@next/swc-win32-arm64-msvc@16.0.7':
    resolution: {integrity: sha512-EviG+43iOoBRZg9deGauXExjRphhuYmIOJ12b9sAPy0eQ6iwcPxfED2asb/s2/yiLYOdm37kPaiZu8uXSYPs0Q==}
    engines: {node: '>= 10'}
    cpu: [arm64]
    os: [win32]

  '@next/swc-win32-x64-msvc@16.0.7':
    resolution: {integrity: sha512-gniPjy55zp5Eg0896qSrf3yB1dw4F/3s8VK1ephdsZZ129j2n6e1WqCbE2YgcKhW9hPB9TVZENugquWJD5x0ug==}
    engines: {node: '>= 10'}
    cpu: [x64]
    os: [win32]

  '@orpc/client@1.12.2':
    resolution: {integrity: sha512-3MTFnWRYYjcyzhtcYpodvkaYQlqsxKd5xGv+7PPJSpjCgFg9wcp7mZmRKy7hK0sCwUlkyi7AKs1Q19aUVUFIGA==}

  '@orpc/contract@1.12.2':
    resolution: {integrity: sha512-eleSbF7WgfkWz+7jl1b9t3C3DWn127694+yEdR3j6EiBjb9mzHMIeOMRTXsclIP4gWj13wD1NtXp1Qlv8m7oZw==}

  '@orpc/interop@1.12.2':
    resolution: {integrity: sha512-whHawJ8XZBzxngqOZKRzkI6HaFZcFSdbaK0//LmqOdSKXBeuveHF+kprCcpr8C6rH2N5i9nKMdnt0RetjPvxCg==}

  '@orpc/json-schema@1.12.2':
    resolution: {integrity: sha512-b1SFH8d5lSKDPNcgK3fD3OvKKdO4eSjLilWmWUSQxqgfTEBckOIIMTfczDRQEkJIg/IyN++tYSwmjPFEI+dM3w==}

  '@orpc/openapi-client@1.12.2':
    resolution: {integrity: sha512-Ci0TT4eSjRAMmBEwF9RBYrVWGEa/OALp6dKjM28FErqEqxQ5hdI5HMnNmFqGl5neIt05qtYEZRqhVv3jagOIcg==}

  '@orpc/openapi@1.12.2':
    resolution: {integrity: sha512-21aB1uxNvzxnWBI/Y9pbhGL9i/w/kF62Zxiindopcy6PO+jjNhmHRCvJte70Rb+8rieoRMqn7m1d6yMC2B6NtQ==}

  '@orpc/react@1.12.2':
    resolution: {integrity: sha512-9GhFyadxRTrPIh4Nnzd941JwuVt/nKQWrEWTvHvOskjqeULtLxNPUk1VZv/H/cXJIMKZ4V0ZU5NQ5v3IzCSgDg==}
    peerDependencies:
      react: '>=18.0.0'

  '@orpc/server@1.12.2':
    resolution: {integrity: sha512-lgT3VR+yXsCcgzbZ2d1fXtqaf1RbgUJHMDWQ4J22LBYH1P8pi0Nk+EYi9/w3YNFIr1WuUmVu4Pm6Dg6l92oiQA==}
    peerDependencies:
      crossws: '>=0.3.4'
      ws: '>=8.18.1'
    peerDependenciesMeta:
      crossws:
        optional: true
      ws:
        optional: true

  '@orpc/shared@1.12.2':
    resolution: {integrity: sha512-aITtDnmkofoG/GY6897AOPLnFMkLpQpM7ljzaqsG8QMbL6oovO427G/9Tr9Y3DDSyrsxA7FQ8+rwV03ZDG7gfQ==}
    peerDependencies:
      '@opentelemetry/api': '>=1.9.0'
    peerDependenciesMeta:
      '@opentelemetry/api':
        optional: true

  '@orpc/standard-server-aws-lambda@1.12.2':
    resolution: {integrity: sha512-2gpM0ipl3YvE6/bJKTE6Oga4EROo2zuRiOzwY21F/3q38xyQ344Lk1smHzUv20lYZEIBDWP0FRR0OPhBQYLwNQ==}

  '@orpc/standard-server-fastify@1.12.2':
    resolution: {integrity: sha512-O1IsvytsK1j6cbuztreE5sJHL3OyvDMn1lSWKO16YoLBK47W8XRHCVBKDDV+1gk4f4Q74bSJOvNGQh1OUcNbkg==}
    peerDependencies:
      fastify: '>=5.6.1'
    peerDependenciesMeta:
      fastify:
        optional: true

  '@orpc/standard-server-fetch@1.12.2':
    resolution: {integrity: sha512-gjqZgD8uiW3dVaf+bo9Gj0GXTQ4B/vXkaHPmat+11AE+34UsOZJqZJzEuUi+P4qkmNOm6ZXAsb8roz6H3izPrg==}

  '@orpc/standard-server-node@1.12.2':
    resolution: {integrity: sha512-st9yjw3i+xFJu8YHeKcCBchMkRKyobBNqstR8yUelrLE/+rC0qKX+AwrmP6xq6gP6BQqFk+RSfIManaIruKuuQ==}

  '@orpc/standard-server-peer@1.12.2':
    resolution: {integrity: sha512-O51FDFAHgK5uG5EhIG5PYWrkpnwBSVIKih2yYtNzLVYsU3y8EkE07UHRWixJFjUDJ7YeGy16ud3M8oNqt2bE4g==}

  '@orpc/standard-server@1.12.2':
    resolution: {integrity: sha512-8ZNhL3CRJmoJ7uFjOZB4U7NVGdcbGIOKLRTP0i/yhi51QL5Lw+56f/hNqztrCPVZolhJWif86HjyQhuixizrVg==}

  '@orpc/tanstack-query@1.12.2':
    resolution: {integrity: sha512-TWFwr0YjrPCcc0H50pouSCShSVxx9wXdRtN7AA1WzGy4fWAWMsN+Pld99xDqoUntEZpw///fTfFy08U09CtWiQ==}
    peerDependencies:
      '@orpc/client': 1.12.2
      '@tanstack/query-core': '>=5.80.2'

  '@orpc/zod@1.12.2':
    resolution: {integrity: sha512-U2XQyxsONPeSPY0rJ3JHXZhicS5KD5zJADj6p9h98TywO7qH/8a/u8tc8oB3f0qUiILY7crdGQBVw34MkuT44A==}
    peerDependencies:
      '@orpc/contract': 1.12.2
      '@orpc/server': 1.12.2
      zod: '>=3.25.0'

  '@polka/url@1.0.0-next.29':
    resolution: {integrity: sha512-wwQAWhWSuHaag8c4q/KN/vCoeOJYshAIvMQwD4GpSb3OiZklFfvAgmj0VCBBImRpuF/aFgIRzllXlVX93Jevww==}

  '@standard-schema/spec@1.0.0':
    resolution: {integrity: sha512-m2bOd0f2RT9k8QJx1JN85cZYyH1RqFBdlwtkSlf4tBDYLCiiZnv1fIIwacK6cqwXavOydf0NPToMQgpKq+dVlA==}

  '@standard-schema/utils@0.3.0':
    resolution: {integrity: sha512-e7Mew686owMaPJVNNLs55PUvgz371nKgwsc4vxE49zsODpJEnxgxRo2y/OKrqueavXgZNMDVj3DdHFlaSAeU8g==}

  '@swc/helpers@0.5.15':
    resolution: {integrity: sha512-JQ5TuMi45Owi4/BIMAJBoSQoOJu12oOk/gADqlcUL9JEdHB8vyjUSsxqeNXnmXHjYKMi2WcYtezGEEhqUI/E2g==}

  '@t3-oss/env-core@0.13.8':
    resolution: {integrity: sha512-L1inmpzLQyYu4+Q1DyrXsGJYCXbtXjC4cICw1uAKv0ppYPQv656lhZPU91Qd1VS6SO/bou1/q5ufVzBGbNsUpw==}
    peerDependencies:
      arktype: ^2.1.0
      typescript: '>=5.0.0'
      valibot: ^1.0.0-beta.7 || ^1.0.0
      zod: ^3.24.0 || ^4.0.0-beta.0
    peerDependenciesMeta:
      arktype:
        optional: true
      typescript:
        optional: true
      valibot:
        optional: true
      zod:
        optional: true

  '@t3-oss/env-nextjs@0.13.8':
    resolution: {integrity: sha512-QmTLnsdQJ8BiQad2W2nvV6oUpH4oMZMqnFEjhVpzU0h3sI9hn8zb8crjWJ1Amq453mGZs6A4v4ihIeBFDOrLeQ==}
    peerDependencies:
      arktype: ^2.1.0
      typescript: '>=5.0.0'
      valibot: ^1.0.0-beta.7 || ^1.0.0
      zod: ^3.24.0 || ^4.0.0-beta.0
    peerDependenciesMeta:
      arktype:
        optional: true
      typescript:
        optional: true
      valibot:
        optional: true
      zod:
        optional: true

  '@tanstack/query-core@5.90.12':
    resolution: {integrity: sha512-T1/8t5DhV/SisWjDnaiU2drl6ySvsHj1bHBCWNXd+/T+Hh1cf6JodyEYMd5sgwm+b/mETT4EV3H+zCVczCU5hg==}

  '@tanstack/query-devtools@5.91.1':
    resolution: {integrity: sha512-l8bxjk6BMsCaVQH6NzQEE/bEgFy1hAs5qbgXl0xhzezlaQbPk6Mgz9BqEg2vTLPOHD8N4k+w/gdgCbEzecGyNg==}

  '@tanstack/react-query-devtools@5.91.1':
    resolution: {integrity: sha512-tRnJYwEbH0kAOuToy8Ew7bJw1lX3AjkkgSlf/vzb+NpnqmHPdWM+lA2DSdGQSLi1SU0PDRrrCI1vnZnci96CsQ==}
    peerDependencies:
      '@tanstack/react-query': ^5.90.10
      react: ^18 || ^19

  '@tanstack/react-query@5.90.12':
    resolution: {integrity: sha512-graRZspg7EoEaw0a8faiUASCyJrqjKPdqJ9EwuDRUF9mEYJ1YPczI9H+/agJ0mOJkPCJDk0lsz5QTrLZ/jQ2rg==}
    peerDependencies:
      react: ^18 || ^19

  '@tanstack/react-table@8.21.3':
    resolution: {integrity: sha512-5nNMTSETP4ykGegmVkhjcS8tTLW6Vl4axfEGQN3v0zdHYbK4UfoqfPChclTrJ4EoK9QynqAu9oUf8VEmrpZ5Ww==}
    engines: {node: '>=12'}
    peerDependencies:
      react: '>=16.8'
      react-dom: '>=16.8'

  '@tanstack/table-core@8.21.3':
    resolution: {integrity: sha512-ldZXEhOBb8Is7xLs01fR3YEc3DERiz5silj8tnGkFZytt1abEvl/GhUmCE0PMLaMPTa3Jk4HbKmRlHmu+gCftg==}
    engines: {node: '>=12'}

  '@types/jsonwebtoken@9.0.10':
    resolution: {integrity: sha512-asx5hIG9Qmf/1oStypjanR7iKTv0gXQ1Ov/jfrX6kS/EO0OFni8orbmGCn0672NHR3kXHwpAwR+B368ZGN/2rA==}

  '@types/ms@2.1.0':
    resolution: {integrity: sha512-GsCCIZDE/p3i96vtEqx+7dBUGXrc7zeSK3wwPHIaRThS+9OhWIXRqzs4d6k1SVU8g91DrNRWxWUGhp5KXQb2VA==}

  '@types/node@22.18.6':
    resolution: {integrity: sha512-r8uszLPpeIWbNKtvWRt/DbVi5zbqZyj1PTmhRMqBMvDnaz1QpmSKujUtJLrqGZeoM8v72MfYggDceY4K1itzWQ==}

  '@types/react-dom@19.2.3':
    resolution: {integrity: sha512-jp2L/eY6fn+KgVVQAOqYItbF0VY/YApe5Mz2F0aykSO8gx31bYCZyvSeYxCHKvzHG5eZjc+zyaS5BrBWya2+kQ==}
    peerDependencies:
      '@types/react': ^19.2.0

  '@types/react@19.2.7':
    resolution: {integrity: sha512-MWtvHrGZLFttgeEj28VXHxpmwYbor/ATPYbBfSFZEIRK0ecCFLl2Qo55z52Hss+UV9CRN7trSeq1zbgx7YDWWg==}

  acorn-walk@8.3.4:
    resolution: {integrity: sha512-ueEepnujpqee2o5aIYnvHU6C0A42MNdsIDeqy5BydrkuC5R1ZuUFnm27EeFJGoEHJQgn3uleRvmTXaJgfXbt4g==}
    engines: {node: '>=0.4.0'}

  acorn@8.15.0:
    resolution: {integrity: sha512-NZyJarBfL7nWwIq+FDL6Zp/yHEhePMNnnJ0y3qfieCrmNvYct8uvtiV41UvlSe6apAfk0fY1FbWx+NwfmpvtTg==}
    engines: {node: '>=0.4.0'}
    hasBin: true

  asynckit@0.4.0:
    resolution: {integrity: sha512-Oei9OH4tRh0YqU3GxhX79dM/mwVgvbZJaSNaRk+bshkj0S5cfHcgYakreBjrHwatXKbz+IoIdYLxrKim2MjW0Q==}

  axios@1.13.2:
    resolution: {integrity: sha512-VPk9ebNqPcy5lRGuSlKx752IlDatOjT9paPlm8A7yOuW2Fbvp4X3JznJtT4f0GzGLLiWE9W8onz51SqLYwzGaA==}

  buffer-equal-constant-time@1.0.1:
    resolution: {integrity: sha512-zRpUiDwd/xk6ADqPMATG8vc9VPrkck7T07OIx0gnjmJAnHnTVXNQG3vfvWNuiZIkwu9KrKdA1iJKfsfTVxE6NA==}

  call-bind-apply-helpers@1.0.2:
    resolution: {integrity: sha512-Sp1ablJ0ivDkSzjcaJdxEunN5/XvksFJ2sMBFfq6x0ryhQV/2b/KwFe21cMpmHtPOSij8K99/wSfoEuTObmuMQ==}
    engines: {node: '>= 0.4'}

  caniuse-lite@1.0.30001759:
    resolution: {integrity: sha512-Pzfx9fOKoKvevQf8oCXoyNRQ5QyxJj+3O0Rqx2V5oxT61KGx8+n6hV/IUyJeifUci2clnmmKVpvtiqRzgiWjSw==}

  client-only@0.0.1:
    resolution: {integrity: sha512-IV3Ou0jSMzZrd3pZ48nLkT9DA7Ag1pnPzaiQhpW7c3RbcqqzvzzVu+L8gfqMp/8IM2MQtSiqaCxrrcfu8I8rMA==}

  clsx@2.1.1:
    resolution: {integrity: sha512-eYm0QWBtUrBWZWG0d386OGAw16Z995PiOVo2B7bjWSbHedGl5e0ZWaq65kOGgUSNesEIDkB9ISbTg/JK9dhCZA==}
    engines: {node: '>=6'}

  combined-stream@1.0.8:
    resolution: {integrity: sha512-FQN4MRfuJeHf7cBbBMJFXhKSDq+2kAArBlmRBvcvFE5BB1HZKXtSFASDhdlz9zOYwxh8lDdnvmMOe/+5cdoEdg==}
    engines: {node: '>= 0.8'}

  commander@7.2.0:
    resolution: {integrity: sha512-QrWXB+ZQSVPmIWIhtEO9H+gwHaMGYiF5ChvoJ+K9ZGHG/sVsa6yiesAD1GC/x46sET00Xlwo1u49RVVVzvcSkw==}
    engines: {node: '>= 10'}

  cookie@1.1.1:
    resolution: {integrity: sha512-ei8Aos7ja0weRpFzJnEA9UHJ/7XQmqglbRwnf2ATjcB9Wq874VKH9kfjjirM6UhU2/E5fFYadylyhFldcqSidQ==}
    engines: {node: '>=18'}

  csstype@3.2.3:
    resolution: {integrity: sha512-z1HGKcYy2xA8AGQfwrn0PAy+PB7X/GSj3UVJW9qKyn43xWa+gl5nXmU4qqLMRzWVLFC8KusUX8T/0kCiOYpAIQ==}

  debounce@1.2.1:
    resolution: {integrity: sha512-XRRe6Glud4rd/ZGQfiV1ruXSfbvfJedlV9Y6zOlP+2K04vBYiJEte6stfFkCP03aMnY5tsipamumUjL14fofug==}

  delayed-stream@1.0.0:
    resolution: {integrity: sha512-ZySD7Nf91aLB0RxL4KGrKHBXl7Eds1DAmEdcoVawXnLD7SDhpNgtuII2aAkg7a7QS41jxPSZ17p4VdGnMHk3MQ==}
    engines: {node: '>=0.4.0'}

  detect-libc@2.1.2:
    resolution: {integrity: sha512-Btj2BOOO83o3WyH59e8MgXsxEQVcarkUOpEYrubB0urwnN10yQ364rsiByU11nZlqWYZm05i/of7io4mzihBtQ==}
    engines: {node: '>=8'}

  dunder-proto@1.0.1:
    resolution: {integrity: sha512-KIN/nDJBQRcXw0MLVhZE9iQHmG68qAVIBg9CqmUYjmQIhgij9U5MFvrqkUL5FbtyyzZuOeOt0zdeRe4UY7ct+A==}
    engines: {node: '>= 0.4'}

  duplexer@0.1.2:
    resolution: {integrity: sha512-jtD6YG370ZCIi/9GTaJKQxWTZD045+4R4hTk/x1UyoqadyJ9x9CgSi1RlVDQF8U2sxLLSnFkCaMihqljHIWgMg==}

  ecdsa-sig-formatter@1.0.11:
    resolution: {integrity: sha512-nagl3RYrbNv6kQkeJIpt6NJZy8twLB/2vtz6yN9Z4vRKHN4/QZJIEbqohALSgwKdnksuY3k5Addp5lg8sVoVcQ==}

  es-define-property@1.0.1:
    resolution: {integrity: sha512-e3nRfgfUZ4rNGL232gUgX06QNyyez04KdjFrF+LTRoOXmrOgFKDg4BCdsjW8EnT69eqdYGmRpJwiPVYNrCaW3g==}
    engines: {node: '>= 0.4'}

  es-errors@1.3.0:
    resolution: {integrity: sha512-Zf5H2Kxt2xjTvbJvP2ZWLEICxA6j+hAmMzIlypy4xcBg1vKVnx89Wy0GbS+kf5cwCVFFzdCFh2XSCFNULS6csw==}
    engines: {node: '>= 0.4'}

  es-object-atoms@1.1.1:
    resolution: {integrity: sha512-FGgH2h8zKNim9ljj7dankFPcICIK9Cp5bm+c2gQSYePhpaG5+esrLODihIorn+Pe6FGJzWhXQotPv73jTaldXA==}
    engines: {node: '>= 0.4'}

  es-set-tostringtag@2.1.0:
    resolution: {integrity: sha512-j6vWzfrGVfyXxge+O0x5sh6cvxAog0a/4Rdd2K36zCMV5eJ+/+tOAngRO8cODMNWbVRdVlmGZQL2YS3yR8bIUA==}
    engines: {node: '>= 0.4'}

  escape-string-regexp@4.0.0:
    resolution: {integrity: sha512-TtpcNJ3XAzx3Gq8sWRzJaVajRs0uVxA2YAkdb1jm2YkPz4G6egUFAyA3n5vtEIZefPk5Wa4UXbKuS5fKkJWdgA==}
    engines: {node: '>=10'}

  escape-string-regexp@5.0.0:
    resolution: {integrity: sha512-/veY75JbMK4j1yjvuUxuVsiS/hr/4iHs9FTT6cgTexxdE0Ly/glccBAkloH/DofkjRbZU3bnoj38mOmhkZ0lHw==}
    engines: {node: '>=12'}

  follow-redirects@1.15.11:
    resolution: {integrity: sha512-deG2P0JfjrTxl50XGCDyfI97ZGVCxIpfKYmfyrQ54n5FO/0gfIES8C/Psl6kWVDolizcaaxZJnTS0QSMxvnsBQ==}
    engines: {node: '>=4.0'}
    peerDependencies:
      debug: '*'
    peerDependenciesMeta:
      debug:
        optional: true

  form-data@4.0.5:
    resolution: {integrity: sha512-8RipRLol37bNs2bhoV67fiTEvdTrbMUYcFTiy3+wuuOnUog2QBHCZWXDRijWQfAkhBj2Uf5UnVaiWwA5vdd82w==}
    engines: {node: '>= 6'}

  function-bind@1.1.2:
    resolution: {integrity: sha512-7XHNxH7qX9xG5mIwxkhumTox/MIRNcOgDrxWsMt2pAr23WHp6MrRlN7FBSFpCpr+oVO0F744iUgR82nJMfG2SA==}

  get-intrinsic@1.3.0:
    resolution: {integrity: sha512-9fSjSaos/fRIVIp+xSJlE6lfwhES7LNtKaCBIamHsjr2na1BiABJPo0mOjjz8GJDURarmCPGqaiVg5mfjb98CQ==}
    engines: {node: '>= 0.4'}

  get-proto@1.0.1:
    resolution: {integrity: sha512-sTSfBjoXBp89JvIKIefqw7U2CCebsc74kiY6awiGogKtoSGbgjYE/G/+l9sF3MWFPNc9IcoOC4ODfKHfxFmp0g==}
    engines: {node: '>= 0.4'}

  gopd@1.2.0:
    resolution: {integrity: sha512-ZUKRh6/kUFoAiTAtTYPZJ3hw9wNxx+BIBOijnlG9PnrJsCcSjs1wyyD6vJpaYtgnzDrKYRSqf3OO6Rfa93xsRg==}
    engines: {node: '>= 0.4'}

  gzip-size@6.0.0:
    resolution: {integrity: sha512-ax7ZYomf6jqPTQ4+XCpUGyXKHk5WweS+e05MBO4/y3WJ5RkmPXNKvX+bx1behVILVwr6JSQvZAku021CHPXG3Q==}
    engines: {node: '>=10'}

  has-symbols@1.1.0:
    resolution: {integrity: sha512-1cDNdwJ2Jaohmb3sg4OmKaMBwuC48sYni5HUw2DvsC8LjGTLK9h+eb1X6RyuOHe4hT0ULCW68iomhjUoKUqlPQ==}
    engines: {node: '>= 0.4'}

  has-tostringtag@1.0.2:
    resolution: {integrity: sha512-NqADB8VjPFLM2V0VvHUewwwsw0ZWBaIdgo+ieHtK3hasLz4qeCRjYcqfB6AQrBggRKppKF8L52/VqdVsO47Dlw==}
    engines: {node: '>= 0.4'}

  hasown@2.0.2:
    resolution: {integrity: sha512-0hJU9SCPvmMzIBdZFqNPXWa6dqh7WdH0cII9y+CyS8rG3nL48Bclra9HmKhVVUHyPWNH5Y7xDwAB7bfgSjkUMQ==}
    engines: {node: '>= 0.4'}

  html-escaper@2.0.2:
    resolution: {integrity: sha512-H2iMtd0I4Mt5eYiapRdIDjp+XzelXQ0tFE4JS7YFwFevXXMmOp9myNrUvCg0D6ws8iqkRPBfKHgbwig1SmlLfg==}

  is-plain-object@5.0.0:
    resolution: {integrity: sha512-VRSzKkbMm5jMDoKLbltAkFQ5Qr7VDiTFGXxYFXXowVj387GeGNOCsOH6Msy00SGZ3Fp84b1Naa1psqgcCIEP5Q==}
    engines: {node: '>=0.10.0'}

  json-schema-typed@8.0.2:
    resolution: {integrity: sha512-fQhoXdcvc3V28x7C7BMs4P5+kNlgUURe2jmUT1T//oBRMDrqy1QPelJimwZGo7Hg9VPV3EQV5Bnq4hbFy2vetA==}

  jsonwebtoken@9.0.3:
    resolution: {integrity: sha512-MT/xP0CrubFRNLNKvxJ2BYfy53Zkm++5bX9dtuPbqAeQpTVe0MQTFhao8+Cp//EmJp244xt6Drw/GVEGCUj40g==}
    engines: {node: '>=12', npm: '>=6'}

  jwa@2.0.1:
    resolution: {integrity: sha512-hRF04fqJIP8Abbkq5NKGN0Bbr3JxlQ+qhZufXVr0DvujKy93ZCbXZMHDL4EOtodSbCWxOqR8MS1tXA5hwqCXDg==}

  jws@4.0.1:
    resolution: {integrity: sha512-EKI/M/yqPncGUUh44xz0PxSidXFr/+r0pA70+gIYhjv+et7yxM+s29Y+VGDkovRofQem0fs7Uvf4+YmAdyRduA==}

  lodash.includes@4.3.0:
    resolution: {integrity: sha512-W3Bx6mdkRTGtlJISOvVD/lbqjTlPPUDTMnlXZFnVwi9NKJ6tiAk6LVdlhZMm17VZisqhKcgzpO5Wz91PCt5b0w==}

  lodash.isboolean@3.0.3:
    resolution: {integrity: sha512-Bz5mupy2SVbPHURB98VAcw+aHh4vRV5IPNhILUCsOzRmsTmSQ17jIuqopAentWoehktxGd9e/hbIXq980/1QJg==}

  lodash.isinteger@4.0.4:
    resolution: {integrity: sha512-DBwtEWN2caHQ9/imiNeEA5ys1JoRtRfY3d7V9wkqtbycnAmTvRRmbHKDV4a0EYc678/dia0jrte4tjYwVBaZUA==}

  lodash.isnumber@3.0.3:
    resolution: {integrity: sha512-QYqzpfwO3/CWf3XP+Z+tkQsfaLL/EnUlXWVkIk5FUPc4sBdTehEqZONuyRt2P67PXAk+NXmTBcc97zw9t1FQrw==}

  lodash.isplainobject@4.0.6:
    resolution: {integrity: sha512-oSXzaWypCMHkPC3NvBEaPHf0KsA5mvPrOPgQWDsbg8n7orZ290M0BmC/jgRZ4vcJ6DTAhjrsSYgdsW/F+MFOBA==}

  lodash.isstring@4.0.1:
    resolution: {integrity: sha512-0wJxfxH1wgO3GrbuP+dTTk7op+6L41QCXbGINEmD+ny/G/eCqGzxyCsh7159S+mgDDcoarnBw6PC1PS5+wUGgw==}

  lodash.once@4.1.1:
    resolution: {integrity: sha512-Sb487aTOCr9drQVL8pIxOzVhafOjZN9UU54hiN8PU3uAiSV7lx1yYNpbNmex2PK6dSJoNTSJUUswT651yww3Mg==}

  math-intrinsics@1.1.0:
    resolution: {integrity: sha512-/IXtbwEk5HTPyEwyKX6hGkYXxM9nbj64B+ilVJnC/R6B0pH5G4V3b0pVbL7DBj4tkhBAppbQUlf6F6Xl9LHu1g==}
    engines: {node: '>= 0.4'}

  mime-db@1.52.0:
    resolution: {integrity: sha512-sPU4uV7dYlvtWJxwwxHD0PuihVNiE7TyAbQ5SWxDCB9mUYvOgroQOwYQQOKPJ8CIbE+1ETVlOoK1UC2nU3gYvg==}
    engines: {node: '>= 0.6'}

  mime-types@2.1.35:
    resolution: {integrity: sha512-ZDY+bPm5zTTF+YpCrAU9nK0UgICYPT0QtT1NZWFv4s++TNkcgVaT0g6+4R2uI4MjQjzysHB1zxuWL50hzaeXiw==}
    engines: {node: '>= 0.6'}

  mrmime@2.0.1:
    resolution: {integrity: sha512-Y3wQdFg2Va6etvQ5I82yUhGdsKrcYox6p7FfL1LbK2J4V01F9TGlepTIhnK24t7koZibmg82KGglhA1XK5IsLQ==}
    engines: {node: '>=10'}

  ms@2.1.3:
    resolution: {integrity: sha512-6FlzubTLZG3J2a/NVCAleEhjzq5oxgHyaCU9yYXvcLsvoVaHJq/s5xXI6/XXP6tz7R9xAOtHnSO/tXtF3WRTlA==}

  nanoid@3.3.11:
    resolution: {integrity: sha512-N8SpfPUnUp1bK+PMYW8qSWdl9U+wwNWI4QKxOYDy9JAro3WMX7p2OeVRF9v+347pnakNevPmiHhNmZ2HbFA76w==}
    engines: {node: ^10 || ^12 || ^13.7 || ^14 || >=15.0.1}
    hasBin: true

  next@16.0.7:
    resolution: {integrity: sha512-3mBRJyPxT4LOxAJI6IsXeFtKfiJUbjCLgvXO02fV8Wy/lIhPvP94Fe7dGhUgHXcQy4sSuYwQNcOLhIfOm0rL0A==}
    engines: {node: '>=20.9.0'}
    hasBin: true
    peerDependencies:
      '@opentelemetry/api': ^1.1.0
      '@playwright/test': ^1.51.1
      babel-plugin-react-compiler: '*'
      react: ^18.2.0 || 19.0.0-rc-de68d2f4-20241204 || ^19.0.0
      react-dom: ^18.2.0 || 19.0.0-rc-de68d2f4-20241204 || ^19.0.0
      sass: ^1.3.0
    peerDependenciesMeta:
      '@opentelemetry/api':
        optional: true
      '@playwright/test':
        optional: true
      babel-plugin-react-compiler:
        optional: true
      sass:
        optional: true

  openapi-types@12.1.3:
    resolution: {integrity: sha512-N4YtSYJqghVu4iek2ZUvcN/0aqH1kRDuNqzcycDxhOUpg7GdvLa2F3DgS6yBNhInhv2r/6I0Flkn7CqL8+nIcw==}

  opener@1.5.2:
    resolution: {integrity: sha512-ur5UIdyw5Y7yEj9wLzhqXiy6GZ3Mwx0yGI+5sMn2r0N0v3cKJvUmFH5yPP+WXh9e0xfyzyJX95D8l088DNFj7A==}
    hasBin: true

  picocolors@1.1.1:
    resolution: {integrity: sha512-xceH2snhtb5M9liqDsmEw56le376mTZkEX/jEb/RxNFyegNul7eNslCXP9FDj/Lcu0X8KEyMceP2ntpaHrDEVA==}

  postcss@8.4.31:
    resolution: {integrity: sha512-PS08Iboia9mts/2ygV3eLpY5ghnUcfLV/EXTOW1E2qYxJKGGBUtNjN76FYHnMs36RmARn41bC0AZmn+rR0OVpQ==}
    engines: {node: ^10 || ^12 || >=14}

  prettier@3.7.4:
    resolution: {integrity: sha512-v6UNi1+3hSlVvv8fSaoUbggEM5VErKmmpGA7Pl3HF8V6uKY7rvClBOJlH6yNwQtfTueNkGVpOv/mtWL9L4bgRA==}
    engines: {node: '>=14'}
    hasBin: true

  proxy-from-env@1.1.0:
    resolution: {integrity: sha512-D+zkORCbA9f1tdWRK0RaCR3GPv50cMxcrz4X8k5LTSUD1Dkw47mKJEZQNunItRTkWwgtaUSo1RVFRIG9ZXiFYg==}

  radash@12.1.1:
    resolution: {integrity: sha512-h36JMxKRqrAxVD8201FrCpyeNuUY9Y5zZwujr20fFO77tpUtGa6EZzfKw/3WaiBX95fq7+MpsuMLNdSnORAwSA==}
    engines: {node: '>=14.18.0'}

  react-dom@19.2.1:
    resolution: {integrity: sha512-ibrK8llX2a4eOskq1mXKu/TGZj9qzomO+sNfO98M6d9zIPOEhlBkMkBUBLd1vgS0gQsLDBzA+8jJBVXDnfHmJg==}
    peerDependencies:
      react: ^19.2.1

  react-hook-form@7.68.0:
    resolution: {integrity: sha512-oNN3fjrZ/Xo40SWlHf1yCjlMK417JxoSJVUXQjGdvdRCU07NTFei1i1f8ApUAts+IVh14e4EdakeLEA+BEAs/Q==}
    engines: {node: '>=18.0.0'}
    peerDependencies:
      react: ^16.8.0 || ^17 || ^18 || ^19

  react-toastify@11.0.5:
    resolution: {integrity: sha512-EpqHBGvnSTtHYhCPLxML05NLY2ZX0JURbAdNYa6BUkk+amz4wbKBQvoKQAB0ardvSarUBuY4Q4s1sluAzZwkmA==}
    peerDependencies:
      react: ^18 || ^19
      react-dom: ^18 || ^19

  react@19.2.1:
    resolution: {integrity: sha512-DGrYcCWK7tvYMnWh79yrPHt+vdx9tY+1gPZa7nJQtO/p8bLTDaHp4dzwEhQB7pZ4Xe3ok4XKuEPrVuc+wlpkmw==}
    engines: {node: '>=0.10.0'}

  rou3@0.7.10:
    resolution: {integrity: sha512-aoFj6f7MJZ5muJ+Of79nrhs9N3oLGqi2VEMe94Zbkjb6Wupha46EuoYgpWSOZlXww3bbd8ojgXTAA2mzimX5Ww==}

  safe-buffer@5.2.1:
    resolution: {integrity: sha512-rp3So07KcdmmKbGvgaNxQSJr7bGVSVk5S9Eq1F+ppbRo70+YeaDxkw5Dd8NPN+GD6bjnYm2VuPuCXmpuYvmCXQ==}

  scheduler@0.27.0:
    resolution: {integrity: sha512-eNv+WrVbKu1f3vbYJT/xtiF5syA5HPIMtf9IgY/nKg0sWqzAUEvqY/xm7OcZc/qafLx/iO9FgOmeSAp4v5ti/Q==}

  semver@7.7.3:
    resolution: {integrity: sha512-SdsKMrI9TdgjdweUSR9MweHA4EJ8YxHn8DFaDisvhVlUOe4BF1tLD7GAj0lIqWVl+dPb/rExr0Btby5loQm20Q==}
    engines: {node: '>=10'}
    hasBin: true

  server-only@0.0.1:
    resolution: {integrity: sha512-qepMx2JxAa5jjfzxG79yPPq+8BuFToHd1hm7kI+Z4zAq1ftQiP7HcxMhDDItrbtwVeLg/cY2JnKnrcFkmiswNA==}

  sharp@0.34.5:
    resolution: {integrity: sha512-Ou9I5Ft9WNcCbXrU9cMgPBcCK8LiwLqcbywW3t4oDV37n1pzpuNLsYiAV8eODnjbtQlSDwZ2cUEeQz4E54Hltg==}
    engines: {node: ^18.17.0 || ^20.3.0 || >=21.0.0}

  sirv@2.0.4:
    resolution: {integrity: sha512-94Bdh3cC2PKrbgSOUqTiGPWVZeSiXfKOVZNJniWoqrWrRkB1CJzBU3NEbiTsPcYy1lDsANA/THzS+9WBiy5nfQ==}
    engines: {node: '>= 10'}

  source-map-js@1.2.1:
    resolution: {integrity: sha512-UXWMKhLOwVKb728IUtQPXxfYU+usdybtUrK/8uGE8CQMvrhOpwvzDBwj0QhSL7MQc7vIsISBG8VQ8+IDQxpfQA==}
    engines: {node: '>=0.10.0'}

  styled-jsx@5.1.6:
    resolution: {integrity: sha512-qSVyDTeMotdvQYoHWLNGwRFJHC+i+ZvdBRYosOFgC+Wg1vx4frN2/RG/NA7SYqqvKNLf39P2LSRA2pu6n0XYZA==}
    engines: {node: '>= 12.0.0'}
    peerDependencies:
      '@babel/core': '*'
      babel-plugin-macros: '*'
      react: '>= 16.8.0 || 17.x.x || ^18.0.0-0 || ^19.0.0-0'
    peerDependenciesMeta:
      '@babel/core':
        optional: true
      babel-plugin-macros:
        optional: true

  tagged-tag@1.0.0:
    resolution: {integrity: sha512-yEFYrVhod+hdNyx7g5Bnkkb0G6si8HJurOoOEgC8B/O0uXLHlaey/65KRv6cuWBNhBgHKAROVpc7QyYqE5gFng==}
    engines: {node: '>=20'}

  totalist@3.0.1:
    resolution: {integrity: sha512-sf4i37nQ2LBx4m3wB74y+ubopq6W/dIzXg0FDGjsYnZHVa1Da8FH853wlL2gtUhg+xJXjfk3kUZS3BRoQeoQBQ==}
    engines: {node: '>=6'}

  tslib@2.8.1:
    resolution: {integrity: sha512-oJFu94HQb+KVduSUQL7wnpmqnfmLsOA/nAh6b6EH0wCEoK0/mPeXU6c3wKDV83MkOuHPRHtSXKKU99IBazS/2w==}

  type-fest@5.3.0:
    resolution: {integrity: sha512-d9CwU93nN0IA1QL+GSNDdwLAu1Ew5ZjTwupvedwg3WdfoH6pIDvYQ2hV0Uc2nKBLPq7NB5apCx57MLS5qlmO5g==}
    engines: {node: '>=20'}

  typescript@5.9.3:
    resolution: {integrity: sha512-jl1vZzPDinLr9eUt3J/t7V6FgNEw9QjvBPdysz9KfQDD41fQrC2Y4vKQdiaUpFT4bXlb1RHhLpp8wtm6M5TgSw==}
    engines: {node: '>=14.17'}
    hasBin: true

  undici-types@6.21.0:
    resolution: {integrity: sha512-iwDZqg0QAGrg9Rav5H4n0M64c3mkR59cJ6wQp+7C4nI0gsmExaedaYLNO44eT4AtBBwjbTiGPMlt2Md0T9H9JQ==}

  webpack-bundle-analyzer@4.10.1:
    resolution: {integrity: sha512-s3P7pgexgT/HTUSYgxJyn28A+99mmLq4HsJepMPzu0R8ImJc52QNqaFYW1Z2z2uIb1/J3eYgaAWVpaC+v/1aAQ==}
    engines: {node: '>= 10.13.0'}
    hasBin: true

  wildcard-match@5.1.4:
    resolution: {integrity: sha512-wldeCaczs8XXq7hj+5d/F38JE2r7EXgb6WQDM84RVwxy81T/sxB5e9+uZLK9Q9oNz1mlvjut+QtvgaOQFPVq/g==}

  ws@7.5.10:
    resolution: {integrity: sha512-+dbF1tHwZpXcbOJdVOkzLDxZP1ailvSxM6ZweXTegylPny803bFhA+vqBYw4s31NSAk4S2Qz+AKXK9a4wkdjcQ==}
    engines: {node: '>=8.3.0'}
    peerDependencies:
      bufferutil: ^4.0.1
      utf-8-validate: ^5.0.2
    peerDependenciesMeta:
      bufferutil:
        optional: true
      utf-8-validate:
        optional: true

  zod@4.1.13:
    resolution: {integrity: sha512-AvvthqfqrAhNH9dnfmrfKzX5upOdjUVJYFqNSlkmGf64gRaTzlPwz99IHYnVs28qYAybvAlBV+H7pn0saFY4Ig==}

snapshots:

  '@discoveryjs/json-ext@0.5.7': {}

  '@emnapi/runtime@1.7.1':
    dependencies:
      tslib: 2.8.1
    optional: true

  '@hookform/resolvers@5.2.2(react-hook-form@7.68.0(react@19.2.1))':
    dependencies:
      '@standard-schema/utils': 0.3.0
      react-hook-form: 7.68.0(react@19.2.1)

  '@img/colour@1.0.0':
    optional: true

  '@img/sharp-darwin-arm64@0.34.5':
    optionalDependencies:
      '@img/sharp-libvips-darwin-arm64': 1.2.4
    optional: true

  '@img/sharp-darwin-x64@0.34.5':
    optionalDependencies:
      '@img/sharp-libvips-darwin-x64': 1.2.4
    optional: true

  '@img/sharp-libvips-darwin-arm64@1.2.4':
    optional: true

  '@img/sharp-libvips-darwin-x64@1.2.4':
    optional: true

  '@img/sharp-libvips-linux-arm64@1.2.4':
    optional: true

  '@img/sharp-libvips-linux-arm@1.2.4':
    optional: true

  '@img/sharp-libvips-linux-ppc64@1.2.4':
    optional: true

  '@img/sharp-libvips-linux-riscv64@1.2.4':
    optional: true

  '@img/sharp-libvips-linux-s390x@1.2.4':
    optional: true

  '@img/sharp-libvips-linux-x64@1.2.4':
    optional: true

  '@img/sharp-libvips-linuxmusl-arm64@1.2.4':
    optional: true

  '@img/sharp-libvips-linuxmusl-x64@1.2.4':
    optional: true

  '@img/sharp-linux-arm64@0.34.5':
    optionalDependencies:
      '@img/sharp-libvips-linux-arm64': 1.2.4
    optional: true

  '@img/sharp-linux-arm@0.34.5':
    optionalDependencies:
      '@img/sharp-libvips-linux-arm': 1.2.4
    optional: true

  '@img/sharp-linux-ppc64@0.34.5':
    optionalDependencies:
      '@img/sharp-libvips-linux-ppc64': 1.2.4
    optional: true

  '@img/sharp-linux-riscv64@0.34.5':
    optionalDependencies:
      '@img/sharp-libvips-linux-riscv64': 1.2.4
    optional: true

  '@img/sharp-linux-s390x@0.34.5':
    optionalDependencies:
      '@img/sharp-libvips-linux-s390x': 1.2.4
    optional: true

  '@img/sharp-linux-x64@0.34.5':
    optionalDependencies:
      '@img/sharp-libvips-linux-x64': 1.2.4
    optional: true

  '@img/sharp-linuxmusl-arm64@0.34.5':
    optionalDependencies:
      '@img/sharp-libvips-linuxmusl-arm64': 1.2.4
    optional: true

  '@img/sharp-linuxmusl-x64@0.34.5':
    optionalDependencies:
      '@img/sharp-libvips-linuxmusl-x64': 1.2.4
    optional: true

  '@img/sharp-wasm32@0.34.5':
    dependencies:
      '@emnapi/runtime': 1.7.1
    optional: true

  '@img/sharp-win32-arm64@0.34.5':
    optional: true

  '@img/sharp-win32-ia32@0.34.5':
    optional: true

  '@img/sharp-win32-x64@0.34.5':
    optional: true

  '@next/bundle-analyzer@16.0.7':
    dependencies:
      webpack-bundle-analyzer: 4.10.1
    transitivePeerDependencies:
      - bufferutil
      - utf-8-validate

  '@next/env@16.0.7': {}

  '@next/swc-darwin-arm64@16.0.7':
    optional: true

  '@next/swc-darwin-x64@16.0.7':
    optional: true

  '@next/swc-linux-arm64-gnu@16.0.7':
    optional: true

  '@next/swc-linux-arm64-musl@16.0.7':
    optional: true

  '@next/swc-linux-x64-gnu@16.0.7':
    optional: true

  '@next/swc-linux-x64-musl@16.0.7':
    optional: true

  '@next/swc-win32-arm64-msvc@16.0.7':
    optional: true

  '@next/swc-win32-x64-msvc@16.0.7':
    optional: true

  '@orpc/client@1.12.2':
    dependencies:
      '@orpc/shared': 1.12.2
      '@orpc/standard-server': 1.12.2
      '@orpc/standard-server-fetch': 1.12.2
      '@orpc/standard-server-peer': 1.12.2
    transitivePeerDependencies:
      - '@opentelemetry/api'

  '@orpc/contract@1.12.2':
    dependencies:
      '@orpc/client': 1.12.2
      '@orpc/shared': 1.12.2
      '@standard-schema/spec': 1.0.0
      openapi-types: 12.1.3
    transitivePeerDependencies:
      - '@opentelemetry/api'

  '@orpc/interop@1.12.2': {}

  '@orpc/json-schema@1.12.2':
    dependencies:
      '@orpc/contract': 1.12.2
      '@orpc/interop': 1.12.2
      '@orpc/openapi': 1.12.2
      '@orpc/server': 1.12.2
      '@orpc/shared': 1.12.2
      json-schema-typed: 8.0.2
    transitivePeerDependencies:
      - '@opentelemetry/api'
      - crossws
      - fastify
      - ws

  '@orpc/openapi-client@1.12.2':
    dependencies:
      '@orpc/client': 1.12.2
      '@orpc/contract': 1.12.2
      '@orpc/shared': 1.12.2
      '@orpc/standard-server': 1.12.2
    transitivePeerDependencies:
      - '@opentelemetry/api'

  '@orpc/openapi@1.12.2':
    dependencies:
      '@orpc/client': 1.12.2
      '@orpc/contract': 1.12.2
      '@orpc/interop': 1.12.2
      '@orpc/openapi-client': 1.12.2
      '@orpc/server': 1.12.2
      '@orpc/shared': 1.12.2
      '@orpc/standard-server': 1.12.2
      json-schema-typed: 8.0.2
      rou3: 0.7.10
    transitivePeerDependencies:
      - '@opentelemetry/api'
      - crossws
      - fastify
      - ws

  '@orpc/react@1.12.2(react@19.2.1)':
    dependencies:
      '@orpc/client': 1.12.2
      '@orpc/contract': 1.12.2
      '@orpc/openapi-client': 1.12.2
      '@orpc/server': 1.12.2
      '@orpc/shared': 1.12.2
      react: 19.2.1
    transitivePeerDependencies:
      - '@opentelemetry/api'
      - crossws
      - fastify
      - ws

  '@orpc/server@1.12.2':
    dependencies:
      '@orpc/client': 1.12.2
      '@orpc/contract': 1.12.2
      '@orpc/interop': 1.12.2
      '@orpc/shared': 1.12.2
      '@orpc/standard-server': 1.12.2
      '@orpc/standard-server-aws-lambda': 1.12.2
      '@orpc/standard-server-fastify': 1.12.2
      '@orpc/standard-server-fetch': 1.12.2
      '@orpc/standard-server-node': 1.12.2
      '@orpc/standard-server-peer': 1.12.2
      cookie: 1.1.1
    transitivePeerDependencies:
      - '@opentelemetry/api'
      - fastify

  '@orpc/shared@1.12.2':
    dependencies:
      radash: 12.1.1
      type-fest: 5.3.0

  '@orpc/standard-server-aws-lambda@1.12.2':
    dependencies:
      '@orpc/shared': 1.12.2
      '@orpc/standard-server': 1.12.2
      '@orpc/standard-server-fetch': 1.12.2
      '@orpc/standard-server-node': 1.12.2
    transitivePeerDependencies:
      - '@opentelemetry/api'

  '@orpc/standard-server-fastify@1.12.2':
    dependencies:
      '@orpc/shared': 1.12.2
      '@orpc/standard-server': 1.12.2
      '@orpc/standard-server-node': 1.12.2
    transitivePeerDependencies:
      - '@opentelemetry/api'

  '@orpc/standard-server-fetch@1.12.2':
    dependencies:
      '@orpc/shared': 1.12.2
      '@orpc/standard-server': 1.12.2
    transitivePeerDependencies:
      - '@opentelemetry/api'

  '@orpc/standard-server-node@1.12.2':
    dependencies:
      '@orpc/shared': 1.12.2
      '@orpc/standard-server': 1.12.2
      '@orpc/standard-server-fetch': 1.12.2
    transitivePeerDependencies:
      - '@opentelemetry/api'

  '@orpc/standard-server-peer@1.12.2':
    dependencies:
      '@orpc/shared': 1.12.2
      '@orpc/standard-server': 1.12.2
    transitivePeerDependencies:
      - '@opentelemetry/api'

  '@orpc/standard-server@1.12.2':
    dependencies:
      '@orpc/shared': 1.12.2
    transitivePeerDependencies:
      - '@opentelemetry/api'

  '@orpc/tanstack-query@1.12.2(@orpc/client@1.12.2)(@tanstack/query-core@5.90.12)':
    dependencies:
      '@orpc/client': 1.12.2
      '@orpc/shared': 1.12.2
      '@tanstack/query-core': 5.90.12
    transitivePeerDependencies:
      - '@opentelemetry/api'

  '@orpc/zod@1.12.2(@orpc/contract@1.12.2)(@orpc/server@1.12.2)(zod@4.1.13)':
    dependencies:
      '@orpc/contract': 1.12.2
      '@orpc/json-schema': 1.12.2
      '@orpc/openapi': 1.12.2
      '@orpc/server': 1.12.2
      '@orpc/shared': 1.12.2
      escape-string-regexp: 5.0.0
      wildcard-match: 5.1.4
      zod: 4.1.13
    transitivePeerDependencies:
      - '@opentelemetry/api'
      - crossws
      - fastify
      - ws

  '@polka/url@1.0.0-next.29': {}

  '@standard-schema/spec@1.0.0': {}

  '@standard-schema/utils@0.3.0': {}

  '@swc/helpers@0.5.15':
    dependencies:
      tslib: 2.8.1

  '@t3-oss/env-core@0.13.8(typescript@5.9.3)(zod@4.1.13)':
    optionalDependencies:
      typescript: 5.9.3
      zod: 4.1.13

  '@t3-oss/env-nextjs@0.13.8(typescript@5.9.3)(zod@4.1.13)':
    dependencies:
      '@t3-oss/env-core': 0.13.8(typescript@5.9.3)(zod@4.1.13)
    optionalDependencies:
      typescript: 5.9.3
      zod: 4.1.13

  '@tanstack/query-core@5.90.12': {}

  '@tanstack/query-devtools@5.91.1': {}

  '@tanstack/react-query-devtools@5.91.1(@tanstack/react-query@5.90.12(react@19.2.1))(react@19.2.1)':
    dependencies:
      '@tanstack/query-devtools': 5.91.1
      '@tanstack/react-query': 5.90.12(react@19.2.1)
      react: 19.2.1

  '@tanstack/react-query@5.90.12(react@19.2.1)':
    dependencies:
      '@tanstack/query-core': 5.90.12
      react: 19.2.1

  '@tanstack/react-table@8.21.3(react-dom@19.2.1(react@19.2.1))(react@19.2.1)':
    dependencies:
      '@tanstack/table-core': 8.21.3
      react: 19.2.1
      react-dom: 19.2.1(react@19.2.1)

  '@tanstack/table-core@8.21.3': {}

  '@types/jsonwebtoken@9.0.10':
    dependencies:
      '@types/ms': 2.1.0
      '@types/node': 22.18.6

  '@types/ms@2.1.0': {}

  '@types/node@22.18.6':
    dependencies:
      undici-types: 6.21.0

  '@types/react-dom@19.2.3(@types/react@19.2.7)':
    dependencies:
      '@types/react': 19.2.7

  '@types/react@19.2.7':
    dependencies:
      csstype: 3.2.3

  acorn-walk@8.3.4:
    dependencies:
      acorn: 8.15.0

  acorn@8.15.0: {}

  asynckit@0.4.0: {}

  axios@1.13.2:
    dependencies:
      follow-redirects: 1.15.11
      form-data: 4.0.5
      proxy-from-env: 1.1.0
    transitivePeerDependencies:
      - debug

  buffer-equal-constant-time@1.0.1: {}

  call-bind-apply-helpers@1.0.2:
    dependencies:
      es-errors: 1.3.0
      function-bind: 1.1.2

  caniuse-lite@1.0.30001759: {}

  client-only@0.0.1: {}

  clsx@2.1.1: {}

  combined-stream@1.0.8:
    dependencies:
      delayed-stream: 1.0.0

  commander@7.2.0: {}

  cookie@1.1.1: {}

  csstype@3.2.3: {}

  debounce@1.2.1: {}

  delayed-stream@1.0.0: {}

  detect-libc@2.1.2:
    optional: true

  dunder-proto@1.0.1:
    dependencies:
      call-bind-apply-helpers: 1.0.2
      es-errors: 1.3.0
      gopd: 1.2.0

  duplexer@0.1.2: {}

  ecdsa-sig-formatter@1.0.11:
    dependencies:
      safe-buffer: 5.2.1

  es-define-property@1.0.1: {}

  es-errors@1.3.0: {}

  es-object-atoms@1.1.1:
    dependencies:
      es-errors: 1.3.0

  es-set-tostringtag@2.1.0:
    dependencies:
      es-errors: 1.3.0
      get-intrinsic: 1.3.0
      has-tostringtag: 1.0.2
      hasown: 2.0.2

  escape-string-regexp@4.0.0: {}

  escape-string-regexp@5.0.0: {}

  follow-redirects@1.15.11: {}

  form-data@4.0.5:
    dependencies:
      asynckit: 0.4.0
      combined-stream: 1.0.8
      es-set-tostringtag: 2.1.0
      hasown: 2.0.2
      mime-types: 2.1.35

  function-bind@1.1.2: {}

  get-intrinsic@1.3.0:
    dependencies:
      call-bind-apply-helpers: 1.0.2
      es-define-property: 1.0.1
      es-errors: 1.3.0
      es-object-atoms: 1.1.1
      function-bind: 1.1.2
      get-proto: 1.0.1
      gopd: 1.2.0
      has-symbols: 1.1.0
      hasown: 2.0.2
      math-intrinsics: 1.1.0

  get-proto@1.0.1:
    dependencies:
      dunder-proto: 1.0.1
      es-object-atoms: 1.1.1

  gopd@1.2.0: {}

  gzip-size@6.0.0:
    dependencies:
      duplexer: 0.1.2

  has-symbols@1.1.0: {}

  has-tostringtag@1.0.2:
    dependencies:
      has-symbols: 1.1.0

  hasown@2.0.2:
    dependencies:
      function-bind: 1.1.2

  html-escaper@2.0.2: {}

  is-plain-object@5.0.0: {}

  json-schema-typed@8.0.2: {}

  jsonwebtoken@9.0.3:
    dependencies:
      jws: 4.0.1
      lodash.includes: 4.3.0
      lodash.isboolean: 3.0.3
      lodash.isinteger: 4.0.4
      lodash.isnumber: 3.0.3
      lodash.isplainobject: 4.0.6
      lodash.isstring: 4.0.1
      lodash.once: 4.1.1
      ms: 2.1.3
      semver: 7.7.3

  jwa@2.0.1:
    dependencies:
      buffer-equal-constant-time: 1.0.1
      ecdsa-sig-formatter: 1.0.11
      safe-buffer: 5.2.1

  jws@4.0.1:
    dependencies:
      jwa: 2.0.1
      safe-buffer: 5.2.1

  lodash.includes@4.3.0: {}

  lodash.isboolean@3.0.3: {}

  lodash.isinteger@4.0.4: {}

  lodash.isnumber@3.0.3: {}

  lodash.isplainobject@4.0.6: {}

  lodash.isstring@4.0.1: {}

  lodash.once@4.1.1: {}

  math-intrinsics@1.1.0: {}

  mime-db@1.52.0: {}

  mime-types@2.1.35:
    dependencies:
      mime-db: 1.52.0

  mrmime@2.0.1: {}

  ms@2.1.3: {}

  nanoid@3.3.11: {}

  next@16.0.7(react-dom@19.2.1(react@19.2.1))(react@19.2.1):
    dependencies:
      '@next/env': 16.0.7
      '@swc/helpers': 0.5.15
      caniuse-lite: 1.0.30001759
      postcss: 8.4.31
      react: 19.2.1
      react-dom: 19.2.1(react@19.2.1)
      styled-jsx: 5.1.6(react@19.2.1)
    optionalDependencies:
      '@next/swc-darwin-arm64': 16.0.7
      '@next/swc-darwin-x64': 16.0.7
      '@next/swc-linux-arm64-gnu': 16.0.7
      '@next/swc-linux-arm64-musl': 16.0.7
      '@next/swc-linux-x64-gnu': 16.0.7
      '@next/swc-linux-x64-musl': 16.0.7
      '@next/swc-win32-arm64-msvc': 16.0.7
      '@next/swc-win32-x64-msvc': 16.0.7
      sharp: 0.34.5
    transitivePeerDependencies:
      - '@babel/core'
      - babel-plugin-macros

  openapi-types@12.1.3: {}

  opener@1.5.2: {}

  picocolors@1.1.1: {}

  postcss@8.4.31:
    dependencies:
      nanoid: 3.3.11
      picocolors: 1.1.1
      source-map-js: 1.2.1

  prettier@3.7.4: {}

  proxy-from-env@1.1.0: {}

  radash@12.1.1: {}

  react-dom@19.2.1(react@19.2.1):
    dependencies:
      react: 19.2.1
      scheduler: 0.27.0

  react-hook-form@7.68.0(react@19.2.1):
    dependencies:
      react: 19.2.1

  react-toastify@11.0.5(react-dom@19.2.1(react@19.2.1))(react@19.2.1):
    dependencies:
      clsx: 2.1.1
      react: 19.2.1
      react-dom: 19.2.1(react@19.2.1)

  react@19.2.1: {}

  rou3@0.7.10: {}

  safe-buffer@5.2.1: {}

  scheduler@0.27.0: {}

  semver@7.7.3: {}

  server-only@0.0.1: {}

  sharp@0.34.5:
    dependencies:
      '@img/colour': 1.0.0
      detect-libc: 2.1.2
      semver: 7.7.3
    optionalDependencies:
      '@img/sharp-darwin-arm64': 0.34.5
      '@img/sharp-darwin-x64': 0.34.5
      '@img/sharp-libvips-darwin-arm64': 1.2.4
      '@img/sharp-libvips-darwin-x64': 1.2.4
      '@img/sharp-libvips-linux-arm': 1.2.4
      '@img/sharp-libvips-linux-arm64': 1.2.4
      '@img/sharp-libvips-linux-ppc64': 1.2.4
      '@img/sharp-libvips-linux-riscv64': 1.2.4
      '@img/sharp-libvips-linux-s390x': 1.2.4
      '@img/sharp-libvips-linux-x64': 1.2.4
      '@img/sharp-libvips-linuxmusl-arm64': 1.2.4
      '@img/sharp-libvips-linuxmusl-x64': 1.2.4
      '@img/sharp-linux-arm': 0.34.5
      '@img/sharp-linux-arm64': 0.34.5
      '@img/sharp-linux-ppc64': 0.34.5
      '@img/sharp-linux-riscv64': 0.34.5
      '@img/sharp-linux-s390x': 0.34.5
      '@img/sharp-linux-x64': 0.34.5
      '@img/sharp-linuxmusl-arm64': 0.34.5
      '@img/sharp-linuxmusl-x64': 0.34.5
      '@img/sharp-wasm32': 0.34.5
      '@img/sharp-win32-arm64': 0.34.5
      '@img/sharp-win32-ia32': 0.34.5
      '@img/sharp-win32-x64': 0.34.5
    optional: true

  sirv@2.0.4:
    dependencies:
      '@polka/url': 1.0.0-next.29
      mrmime: 2.0.1
      totalist: 3.0.1

  source-map-js@1.2.1: {}

  styled-jsx@5.1.6(react@19.2.1):
    dependencies:
      client-only: 0.0.1
      react: 19.2.1

  tagged-tag@1.0.0: {}

  totalist@3.0.1: {}

  tslib@2.8.1: {}

  type-fest@5.3.0:
    dependencies:
      tagged-tag: 1.0.0

  typescript@5.9.3: {}

  undici-types@6.21.0: {}

  webpack-bundle-analyzer@4.10.1:
    dependencies:
      '@discoveryjs/json-ext': 0.5.7
      acorn: 8.15.0
      acorn-walk: 8.3.4
      commander: 7.2.0
      debounce: 1.2.1
      escape-string-regexp: 4.0.0
      gzip-size: 6.0.0
      html-escaper: 2.0.2
      is-plain-object: 5.0.0
      opener: 1.5.2
      picocolors: 1.1.1
      sirv: 2.0.4
      ws: 7.5.10
    transitivePeerDependencies:
      - bufferutil
      - utf-8-validate

  wildcard-match@5.1.4: {}

  ws@7.5.10: {}

  zod@4.1.13: {}
